
Microsoft Visual Studio Solution File, Format Version 12.00
# Visual Studio 15
VisualStudioVersion = 15.0.28010.2050
MinimumVisualStudioVersion = 10.0.40219.1
Project("{FAE04EC0-301F-11D3-BF4B-00C04F79EFBC}") = "AOC", "AOC\AOC.csproj", "{F8FEA540-11B9-43E4-A731-EC0312ADD7DB}"
EndProject
Project("{FAE04EC0-301F-11D3-BF4B-00C04F79EFBC}") = "WindowsFormsApp1", "WindowsFormsApp1\WindowsFormsApp1.csproj", "{8217F7D1-1651-4270-AB79-B96896D01457}"
EndProject
Global
	GlobalSection(SolutionConfigurationPlatforms) = preSolution
		Debug|Any CPU = Debug|Any CPU
		Release|Any CPU = Release|Any CPU
	EndGlobalSection
	GlobalSection(ProjectConfigurationPlatforms) = postSolution
		{F8FEA540-11B9-43E4-A731-EC0312ADD7DB}.Debug|Any CPU.ActiveCfg = Debug|Any CPU
		{F8FEA540-11B9-43E4-A731-EC0312ADD7DB}.Debug|Any CPU.Build.0 = Debug|Any CPU
		{F8FEA540-11B9-43E4-A731-EC0312ADD7DB}.Release|Any CPU.ActiveCfg = Release|Any CPU
		{F8FEA540-11B9-43E4-A731-EC0312ADD7DB}.Release|Any CPU.Build.0 = Release|Any CPU
		{8217F7D1-1651-4270-AB79-B96896D01457}.Debug|Any CPU.ActiveCfg = Debug|Any CPU
		{8217F7D1-1651-4270-AB79-B96896D01457}.Debug|Any CPU.Build.0 = Debug|Any CPU
		{8217F7D1-1651-4270-AB79-B96896D01457}.Release|Any CPU.ActiveCfg = Release|Any CPU
		{8217F7D1-1651-4270-AB79-B96896D01457}.Release|Any CPU.Build.0 = Release|Any CPU
	EndGlobalSection
	GlobalSection(SolutionProperties) = preSolution
		HideSolutionNode = FALSE
	EndGlobalSection
	GlobalSection(ExtensibilityGlobals) = postSolution
		SolutionGuid = {696FA6BA-4F01-40F9-8543-2582CA2BFD96}
	EndGlobalSection
EndGlobal
